
Microsoft Visual Studio Solution File, Format Version 12.00
# Visual Studio 15
VisualStudioVersion = 15.0.27004.2006
MinimumVisualStudioVersion = 10.0.40219.1
Project("{8BC9CEB8-8B4A-11D0-8D11-00A0C91BC942}") = "AIHomework2", "AIHomework2\AIHomework2.vcxproj", "{CB7F6B6D-F370-4B47-B0AD-0F21B41FFFCE}"
EndProject
Global
	GlobalSection(SolutionConfigurationPlatforms) = preSolution
		Debug|x64 = Debug|x64
		Debug|x86 = Debug|x86
		Release|x64 = Release|x64
		Release|x86 = Release|x86
	EndGlobalSection
	GlobalSection(ProjectConfigurationPlatforms) = postSolution
		{CB7F6B6D-F370-4B47-B0AD-0F21B41FFFCE}.Debug|x64.ActiveCfg = Debug|x64
		{CB7F6B6D-F370-4B47-B0AD-0F21B41FFFCE}.Debug|x64.Build.0 = Debug|x64
		{CB7F6B6D-F370-4B47-B0AD-0F21B41FFFCE}.Debug|x86.ActiveCfg = Debug|Win32
		{CB7F6B6D-F370-4B47-B0AD-0F21B41FFFCE}.Debug|x86.Build.0 = Debug|Win32
		{CB7F6B6D-F370-4B47-B0AD-0F21B41FFFCE}.Release|x64.ActiveCfg = Release|x64
		{CB7F6B6D-F370-4B47-B0AD-0F21B41FFFCE}.Release|x64.Build.0 = Release|x64
		{CB7F6B6D-F370-4B47-B0AD-0F21B41FFFCE}.Release|x86.ActiveCfg = Release|Win32
		{CB7F6B6D-F370-4B47-B0AD-0F21B41FFFCE}.Release|x86.Build.0 = Release|Win32
	EndGlobalSection
	GlobalSection(SolutionProperties) = preSolution
		HideSolutionNode = FALSE
	EndGlobalSection
	GlobalSection(ExtensibilityGlobals) = postSolution
		SolutionGuid = {13EBC234-9167-4E36-82F9-89A69B8EACDD}
	EndGlobalSection
EndGlobal
